
Microsoft Visual Studio Solution File, Format Version 12.00
# Visual Studio Version 17
VisualStudioVersion = 17.11.35219.272
MinimumVisualStudioVersion = 10.0.40219.1
Project("{FAE04EC0-301F-11D3-BF4B-00C04F79EFBC}") = "PlayerRatingMaui", "PlayerRatingMaui\PlayerRatingMaui.csproj", "{F052AD90-B516-4CE7-948E-D6645ECA6468}"
EndProject
Global
	GlobalSection(SolutionConfigurationPlatforms) = preSolution
		Debug|Any CPU = Debug|Any CPU
		Release|Any CPU = Release|Any CPU
	EndGlobalSection
	GlobalSection(ProjectConfigurationPlatforms) = postSolution
		{F052AD90-B516-4CE7-948E-D6645ECA6468}.Debug|Any CPU.ActiveCfg = Debug|Any CPU
		{F052AD90-B516-4CE7-948E-D6645ECA6468}.Debug|Any CPU.Build.0 = Debug|Any CPU
		{F052AD90-B516-4CE7-948E-D6645ECA6468}.Debug|Any CPU.Deploy.0 = Debug|Any CPU
		{F052AD90-B516-4CE7-948E-D6645ECA6468}.Release|Any CPU.ActiveCfg = Release|Any CPU
		{F052AD90-B516-4CE7-948E-D6645ECA6468}.Release|Any CPU.Build.0 = Release|Any CPU
		{F052AD90-B516-4CE7-948E-D6645ECA6468}.Release|Any CPU.Deploy.0 = Release|Any CPU
	EndGlobalSection
	GlobalSection(SolutionProperties) = preSolution
		HideSolutionNode = FALSE
	EndGlobalSection
	GlobalSection(ExtensibilityGlobals) = postSolution
		SolutionGuid = {6C230198-6CA4-4C1F-B825-EA1BDDC38FA8}
	EndGlobalSection
EndGlobal
